
Microsoft Visual Studio Solution File, Format Version 12.00
# Visual Studio Version 17
VisualStudioVersion = 17.8.34330.188
MinimumVisualStudioVersion = 10.0.40219.1
Project("{FAE04EC0-301F-11D3-BF4B-00C04F79EFBC}") = "DatabaseConnectivity", "DatabaseConnectivity\DatabaseConnectivity.csproj", "{A6E73974-4731-43A6-ABA6-A9793552BC49}"
EndProject
Global
	GlobalSection(SolutionConfigurationPlatforms) = preSolution
		Debug|Any CPU = Debug|Any CPU
		Release|Any CPU = Release|Any CPU
	EndGlobalSection
	GlobalSection(ProjectConfigurationPlatforms) = postSolution
		{A6E73974-4731-43A6-ABA6-A9793552BC49}.Debug|Any CPU.ActiveCfg = Debug|Any CPU
		{A6E73974-4731-43A6-ABA6-A9793552BC49}.Debug|Any CPU.Build.0 = Debug|Any CPU
		{A6E73974-4731-43A6-ABA6-A9793552BC49}.Release|Any CPU.ActiveCfg = Release|Any CPU
		{A6E73974-4731-43A6-ABA6-A9793552BC49}.Release|Any CPU.Build.0 = Release|Any CPU
	EndGlobalSection
	GlobalSection(SolutionProperties) = preSolution
		HideSolutionNode = FALSE
	EndGlobalSection
	GlobalSection(ExtensibilityGlobals) = postSolution
		SolutionGuid = {9819E525-E344-499C-ADE4-AE62B0F35951}
	EndGlobalSection
EndGlobal
